// !$*UTF8*$!
{
	archiveVersion = 1;
	classes = {
	};
	objectVersion = 50;
	objects = {

/* Begin PBXBuildFile section */
		65ABAE7B2443F97400AE42BE /* AppDelegate.swift in Sources */ = {isa = PBXBuildFile; fileRef = 65ABAE7A2443F97400AE42BE /* AppDelegate.swift */; };
		65ABAE7D2443F97400AE42BE /* ContentView.swift in Sources */ = {isa = PBXBuildFile; fileRef = 65ABAE7C2443F97400AE42BE /* ContentView.swift */; };
		65ABAE7F2443F97600AE42BE /* Assets.xcassets in Resources */ = {isa = PBXBuildFile; fileRef = 65ABAE7E2443F97600AE42BE /* Assets.xcassets */; };
		65ABAE822443F97600AE42BE /* Preview Assets.xcassets in Resources */ = {isa = PBXBuildFile; fileRef = 65ABAE812443F97600AE42BE /* Preview Assets.xcassets */; };
		65ABAE852443F97600AE42BE /* LaunchScreen.storyboard in Resources */ = {isa = PBXBuildFile; fileRef = 65ABAE832443F97600AE42BE /* LaunchScreen.storyboard */; };
		65ABAE902443F97600AE42BE /* tvOS_1Tests.swift in Sources */ = {isa = PBXBuildFile; fileRef = 65ABAE8F2443F97600AE42BE /* tvOS_1Tests.swift */; };
		65ABAE9B2443F97600AE42BE /* tvOS_1UITests.swift in Sources */ = {isa = PBXBuildFile; fileRef = 65ABAE9A2443F97600AE42BE /* tvOS_1UITests.swift */; };
/* End PBXBuildFile section */

/* Begin PBXContainerItemProxy section */
		65ABAE8C2443F97600AE42BE /* PBXContainerItemProxy */ = {
			isa = PBXContainerItemProxy;
			containerPortal = 65ABAE6F2443F97400AE42BE /* Project object */;
			proxyType = 1;
			remoteGlobalIDString = 65ABAE762443F97400AE42BE;
			remoteInfo = tvOS.1;
		};
		65ABAE972443F97600AE42BE /* PBXContainerItemProxy */ = {
			isa = PBXContainerItemProxy;
			containerPortal = 65ABAE6F2443F97400AE42BE /* Project object */;
			proxyType = 1;
			remoteGlobalIDString = 65ABAE762443F97400AE42BE;
			remoteInfo = tvOS.1;
		};
/* End PBXContainerItemProxy section */

/* Begin PBXFileReference section */
		65ABAE772443F97400AE42BE /* tvOS.1.app */ = {isa = PBXFileReference; explicitFileType = wrapper.application; includeInIndex = 0; path = tvOS.1.app; sourceTree = BUILT_PRODUCTS_DIR; };
		65ABAE7A2443F97400AE42BE /* AppDelegate.swift */ = {isa = PBXFileReference; lastKnownFileType = sourcecode.swift; path = AppDelegate.swift; sourceTree = "<group>"; };
		65ABAE7C2443F97400AE42BE /* ContentView.swift */ = {isa = PBXFileReference; lastKnownFileType = sourcecode.swift; path = ContentView.swift; sourceTree = "<group>"; };
		65ABAE7E2443F97600AE42BE /* Assets.xcassets */ = {isa = PBXFileReference; lastKnownFileType = folder.assetcatalog; path = Assets.xcassets; sourceTree = "<group>"; };
		65ABAE812443F97600AE42BE /* Preview Assets.xcassets */ = {isa = PBXFileReference; lastKnownFileType = folder.assetcatalog; path = "Preview Assets.xcassets"; sourceTree = "<group>"; };
		65ABAE842443F97600AE42BE /* Base */ = {isa = PBXFileReference; lastKnownFileType = file.storyboard; name = Base; path = Base.lproj/LaunchScreen.storyboard; sourceTree = "<group>"; };
		65ABAE862443F97600AE42BE /* Info.plist */ = {isa = PBXFileReference; lastKnownFileType = text.plist.xml; path = Info.plist; sourceTree = "<group>"; };
		65ABAE8B2443F97600AE42BE /* tvOS.1Tests.xctest */ = {isa = PBXFileReference; explicitFileType = wrapper.cfbundle; includeInIndex = 0; path = tvOS.1Tests.xctest; sourceTree = BUILT_PRODUCTS_DIR; };
		65ABAE8F2443F97600AE42BE /* tvOS_1Tests.swift */ = {isa = PBXFileReference; lastKnownFileType = sourcecode.swift; path = tvOS_1Tests.swift; sourceTree = "<group>"; };
		65ABAE912443F97600AE42BE /* Info.plist */ = {isa = PBXFileReference; lastKnownFileType = text.plist.xml; path = Info.plist; sourceTree = "<group>"; };
		65ABAE962443F97600AE42BE /* tvOS.1UITests.xctest */ = {isa = PBXFileReference; explicitFileType = wrapper.cfbundle; includeInIndex = 0; path = tvOS.1UITests.xctest; sourceTree = BUILT_PRODUCTS_DIR; };
		65ABAE9A2443F97600AE42BE /* tvOS_1UITests.swift */ = {isa = PBXFileReference; lastKnownFileType = sourcecode.swift; path = tvOS_1UITests.swift; sourceTree = "<group>"; };
		65ABAE9C2443F97600AE42BE /* Info.plist */ = {isa = PBXFileReference; lastKnownFileType = text.plist.xml; path = Info.plist; sourceTree = "<group>"; };
/* End PBXFileReference section */

/* Begin PBXFrameworksBuildPhase section */
		65ABAE742443F97400AE42BE /* Frameworks */ = {
			isa = PBXFrameworksBuildPhase;
			buildActionMask = 2147483647;
			files = (
			);
			runOnlyForDeploymentPostprocessing = 0;
		};
		65ABAE882443F97600AE42BE /* Frameworks */ = {
			isa = PBXFrameworksBuildPhase;
			buildActionMask = 2147483647;
			files = (
			);
			runOnlyForDeploymentPostprocessing = 0;
		};
		65ABAE932443F97600AE42BE /* Frameworks */ = {
			isa = PBXFrameworksBuildPhase;
			buildActionMask = 2147483647;
			files = (
			);
			runOnlyForDeploymentPostprocessing = 0;
		};
/* End PBXFrameworksBuildPhase section */

/* Begin PBXGroup section */
		65ABAE6E2443F97400AE42BE = {
			isa = PBXGroup;
			children = (
				65ABAE792443F97400AE42BE /* tvOS.1 */,
				65ABAE8E2443F97600AE42BE /* tvOS.1Tests */,
				65ABAE992443F97600AE42BE /* tvOS.1UITests */,
				65ABAE782443F97400AE42BE /* Products */,
			);
			sourceTree = "<group>";
		};
		65ABAE782443F97400AE42BE /* Products */ = {
			isa = PBXGroup;
			children = (
				65ABAE772443F97400AE42BE /* tvOS.1.app */,
				65ABAE8B2443F97600AE42BE /* tvOS.1Tests.xctest */,
				65ABAE962443F97600AE42BE /* tvOS.1UITests.xctest */,
			);
			name = Products;
			sourceTree = "<group>";
		};
		65ABAE792443F97400AE42BE /* tvOS.1 */ = {
			isa = PBXGroup;
			children = (
				65ABAE7A2443F97400AE42BE /* AppDelegate.swift */,
				65ABAE7C2443F97400AE42BE /* ContentView.swift */,
				65ABAE7E2443F97600AE42BE /* Assets.xcassets */,
				65ABAE832443F97600AE42BE /* LaunchScreen.storyboard */,
				65ABAE862443F97600AE42BE /* Info.plist */,
				65ABAE802443F97600AE42BE /* Preview Content */,
			);
			path = tvOS.1;
			sourceTree = "<group>";
		};
		65ABAE802443F97600AE42BE /* Preview Content */ = {
			isa = PBXGroup;
			children = (
				65ABAE812443F97600AE42BE /* Preview Assets.xcassets */,
			);
			path = "Preview Content";
			sourceTree = "<group>";
		};
		65ABAE8E2443F97600AE42BE /* tvOS.1Tests */ = {
			isa = PBXGroup;
			children = (
				65ABAE8F2443F97600AE42BE /* tvOS_1Tests.swift */,
				65ABAE912443F97600AE42BE /* Info.plist */,
			);
			path = tvOS.1Tests;
			sourceTree = "<group>";
		};
		65ABAE992443F97600AE42BE /* tvOS.1UITests */ = {
			isa = PBXGroup;
			children = (
				65ABAE9A2443F97600AE42BE /* tvOS_1UITests.swift */,
				65ABAE9C2443F97600AE42BE /* Info.plist */,
			);
			path = tvOS.1UITests;
			sourceTree = "<group>";
		};
/* End PBXGroup section */

/* Begin PBXNativeTarget section */
		65ABAE762443F97400AE42BE /* tvOS.1 */ = {
			isa = PBXNativeTarget;
			buildConfigurationList = 65ABAE9F2443F97600AE42BE /* Build configuration list for PBXNativeTarget "tvOS.1" */;
			buildPhases = (
				65ABAE732443F97400AE42BE /* Sources */,
				65ABAE742443F97400AE42BE /* Frameworks */,
				65ABAE752443F97400AE42BE /* Resources */,
			);
			buildRules = (
			);
			dependencies = (
			);
			name = tvOS.1;
			productName = tvOS.1;
			productReference = 65ABAE772443F97400AE42BE /* tvOS.1.app */;
			productType = "com.apple.product-type.application";
		};
		65ABAE8A2443F97600AE42BE /* tvOS.1Tests */ = {
			isa = PBXNativeTarget;
			buildConfigurationList = 65ABAEA22443F97600AE42BE /* Build configuration list for PBXNativeTarget "tvOS.1Tests" */;
			buildPhases = (
				65ABAE872443F97600AE42BE /* Sources */,
				65ABAE882443F97600AE42BE /* Frameworks */,
				65ABAE892443F97600AE42BE /* Resources */,
			);
			buildRules = (
			);
			dependencies = (
				65ABAE8D2443F97600AE42BE /* PBXTargetDependency */,
			);
			name = tvOS.1Tests;
			productName = tvOS.1Tests;
			productReference = 65ABAE8B2443F97600AE42BE /* tvOS.1Tests.xctest */;
			productType = "com.apple.product-type.bundle.unit-test";
		};
		65ABAE952443F97600AE42BE /* tvOS.1UITests */ = {
			isa = PBXNativeTarget;
			buildConfigurationList = 65ABAEA52443F97600AE42BE /* Build configuration list for PBXNativeTarget "tvOS.1UITests" */;
			buildPhases = (
				65ABAE922443F97600AE42BE /* Sources */,
				65ABAE932443F97600AE42BE /* Frameworks */,
				65ABAE942443F97600AE42BE /* Resources */,
			);
			buildRules = (
			);
			dependencies = (
				65ABAE982443F97600AE42BE /* PBXTargetDependency */,
			);
			name = tvOS.1UITests;
			productName = tvOS.1UITests;
			productReference = 65ABAE962443F97600AE42BE /* tvOS.1UITests.xctest */;
			productType = "com.apple.product-type.bundle.ui-testing";
		};
/* End PBXNativeTarget section */

/* Begin PBXProject section */
		65ABAE6F2443F97400AE42BE /* Project object */ = {
			isa = PBXProject;
			attributes = {
				LastSwiftUpdateCheck = 1140;
				LastUpgradeCheck = 1140;
				ORGANIZATIONNAME = "Daniel Buki";
				TargetAttributes = {
					65ABAE762443F97400AE42BE = {
						CreatedOnToolsVersion = 11.4;
					};
					65ABAE8A2443F97600AE42BE = {
						CreatedOnToolsVersion = 11.4;
						TestTargetID = 65ABAE762443F97400AE42BE;
					};
					65ABAE952443F97600AE42BE = {
						CreatedOnToolsVersion = 11.4;
						TestTargetID = 65ABAE762443F97400AE42BE;
					};
				};
			};
			buildConfigurationList = 65ABAE722443F97400AE42BE /* Build configuration list for PBXProject "tvOS.1" */;
			compatibilityVersion = "Xcode 9.3";
			developmentRegion = en;
			hasScannedForEncodings = 0;
			knownRegions = (
				en,
				Base,
			);
			mainGroup = 65ABAE6E2443F97400AE42BE;
			productRefGroup = 65ABAE782443F97400AE42BE /* Products */;
			projectDirPath = "";
			projectRoot = "";
			targets = (
				65ABAE762443F97400AE42BE /* tvOS.1 */,
				65ABAE8A2443F97600AE42BE /* tvOS.1Tests */,
				65ABAE952443F97600AE42BE /* tvOS.1UITests */,
			);
		};
/* End PBXProject section */

/* Begin PBXResourcesBuildPhase section */
		65ABAE752443F97400AE42BE /* Resources */ = {
			isa = PBXResourcesBuildPhase;
			buildActionMask = 2147483647;
			files = (
				65ABAE852443F97600AE42BE /* LaunchScreen.storyboard in Resources */,
				65ABAE822443F97600AE42BE /* Preview Assets.xcassets in Resources */,
				65ABAE7F2443F97600AE42BE /* Assets.xcassets in Resources */,
			);
			runOnlyForDeploymentPostprocessing = 0;
		};
		65ABAE892443F97600AE42BE /* Resources */ = {
			isa = PBXResourcesBuildPhase;
			buildActionMask = 2147483647;
			files = (
			);
			runOnlyForDeploymentPostprocessing = 0;
		};
		65ABAE942443F97600AE42BE /* Resources */ = {
			isa = PBXResourcesBuildPhase;
			buildActionMask = 2147483647;
			files = (
			);
			runOnlyForDeploymentPostprocessing = 0;
		};
/* End PBXResourcesBuildPhase section */

/* Begin PBXSourcesBuildPhase section */
		65ABAE732443F97400AE42BE /* Sources */ = {
			isa = PBXSourcesBuildPhase;
			buildActionMask = 2147483647;
			files = (
				65ABAE7D2443F97400AE42BE /* ContentView.swift in Sources */,
				65ABAE7B2443F97400AE42BE /* AppDelegate.swift in Sources */,
			);
			runOnlyForDeploymentPostprocessing = 0;
		};
		65ABAE872443F97600AE42BE /* Sources */ = {
			isa = PBXSourcesBuildPhase;
			buildActionMask = 2147483647;
			files = (
				65ABAE902443F97600AE42BE /* tvOS_1Tests.swift in Sources */,
			);
			runOnlyForDeploymentPostprocessing = 0;
		};
		65ABAE922443F97600AE42BE /* Sources */ = {
			isa = PBXSourcesBuildPhase;
			buildActionMask = 2147483647;
			files = (
				65ABAE9B2443F97600AE42BE /* tvOS_1UITests.swift in Sources */,
			);
			runOnlyForDeploymentPostprocessing = 0;
		};
/* End PBXSourcesBuildPhase section */

/* Begin PBXTargetDependency section */
		65ABAE8D2443F97600AE42BE /* PBXTargetDependency */ = {
			isa = PBXTargetDependency;
			target = 65ABAE762443F97400AE42BE /* tvOS.1 */;
			targetProxy = 65ABAE8C2443F97600AE42BE /* PBXContainerItemProxy */;
		};
		65ABAE982443F97600AE42BE /* PBXTargetDependency */ = {
			isa = PBXTargetDependency;
			target = 65ABAE762443F97400AE42BE /* tvOS.1 */;
			targetProxy = 65ABAE972443F97600AE42BE /* PBXContainerItemProxy */;
		};
/* End PBXTargetDependency section */

/* Begin PBXVariantGroup section */
		65ABAE832443F97600AE42BE /* LaunchScreen.storyboard */ = {
			isa = PBXVariantGroup;
			children = (
				65ABAE842443F97600AE42BE /* Base */,
			);
			name = LaunchScreen.storyboard;
			sourceTree = "<group>";
		};
/* End PBXVariantGroup section */

/* Begin XCBuildConfiguration section */
		65ABAE9D2443F97600AE42BE /* Debug */ = {
			isa = XCBuildConfiguration;
			buildSettings = {
				ALWAYS_SEARCH_USER_PATHS = NO;
				CLANG_ANALYZER_NONNULL = YES;
				CLANG_ANALYZER_NUMBER_OBJECT_CONVERSION = YES_AGGRESSIVE;
				CLANG_CXX_LANGUAGE_STANDARD = "gnu++14";
				CLANG_CXX_LIBRARY = "libc++";
				CLANG_ENABLE_MODULES = YES;
				CLANG_ENABLE_OBJC_ARC = YES;
				CLANG_ENABLE_OBJC_WEAK = YES;
				CLANG_WARN_BLOCK_CAPTURE_AUTORELEASING = YES;
				CLANG_WARN_BOOL_CONVERSION = YES;
				CLANG_WARN_COMMA = YES;
				CLANG_WARN_CONSTANT_CONVERSION = YES;
				CLANG_WARN_DEPRECATED_OBJC_IMPLEMENTATIONS = YES;
				CLANG_WARN_DIRECT_OBJC_ISA_USAGE = YES_ERROR;
				CLANG_WARN_DOCUMENTATION_COMMENTS = YES;
				CLANG_WARN_EMPTY_BODY = YES;
				CLANG_WARN_ENUM_CONVERSION = YES;
				CLANG_WARN_INFINITE_RECURSION = YES;
				CLANG_WARN_INT_CONVERSION = YES;
				CLANG_WARN_NON_LITERAL_NULL_CONVERSION = YES;
				CLANG_WARN_OBJC_IMPLICIT_RETAIN_SELF = YES;
				CLANG_WARN_OBJC_LITERAL_CONVERSION = YES;
				CLANG_WARN_OBJC_ROOT_CLASS = YES_ERROR;
				CLANG_WARN_RANGE_LOOP_ANALYSIS = YES;
				CLANG_WARN_STRICT_PROTOTYPES = YES;
				CLANG_WARN_SUSPICIOUS_MOVE = YES;
				CLANG_WARN_UNGUARDED_AVAILABILITY = YES_AGGRESSIVE;
				CLANG_WARN_UNREACHABLE_CODE = YES;
				CLANG_WARN__DUPLICATE_METHOD_MATCH = YES;
				COPY_PHASE_STRIP = NO;
				DEBUG_INFORMATION_FORMAT = dwarf;
				ENABLE_STRICT_OBJC_MSGSEND = YES;
				ENABLE_TESTABILITY = YES;
				GCC_C_LANGUAGE_STANDARD = gnu11;
				GCC_DYNAMIC_NO_PIC = NO;
				GCC_NO_COMMON_BLOCKS = YES;
				GCC_OPTIMIZATION_LEVEL = 0;
				GCC_PREPROCESSOR_DEFINITIONS = (
					"DEBUG=1",
					"$(inherited)",
				);
				GCC_WARN_64_TO_32_BIT_CONVERSION = YES;
				GCC_WARN_ABOUT_RETURN_TYPE = YES_ERROR;
				GCC_WARN_UNDECLARED_SELECTOR = YES;
				GCC_WARN_UNINITIALIZED_AUTOS = YES_AGGRESSIVE;
				GCC_WARN_UNUSED_FUNCTION = YES;
				GCC_WARN_UNUSED_VARIABLE = YES;
				MTL_ENABLE_DEBUG_INFO = INCLUDE_SOURCE;
				MTL_FAST_MATH = YES;
				ONLY_ACTIVE_ARCH = YES;
				SDKROOT = appletvos;
				SWIFT_ACTIVE_COMPILATION_CONDITIONS = DEBUG;
				SWIFT_OPTIMIZATION_LEVEL = "-Onone";
				TVOS_DEPLOYMENT_TARGET = 13.4;
			};
			name = Debug;
		};
		65ABAE9E2443F97600AE42BE /* Release */ = {
			isa = XCBuildConfiguration;
			buildSettings = {
				ALWAYS_SEARCH_USER_PATHS = NO;
				CLANG_ANALYZER_NONNULL = YES;
				CLANG_ANALYZER_NUMBER_OBJECT_CONVERSION = YES_AGGRESSIVE;
				CLANG_CXX_LANGUAGE_STANDARD = "gnu++14";
				CLANG_CXX_LIBRARY = "libc++";
				CLANG_ENABLE_MODULES = YES;
				CLANG_ENABLE_OBJC_ARC = YES;
				CLANG_ENABLE_OBJC_WEAK = YES;
				CLANG_WARN_BLOCK_CAPTURE_AUTORELEASING = YES;
				CLANG_WARN_BOOL_CONVERSION = YES;
				CLANG_WARN_COMMA = YES;
				CLANG_WARN_CONSTANT_CONVERSION = YES;
				CLANG_WARN_DEPRECATED_OBJC_IMPLEMENTATIONS = YES;
				CLANG_WARN_DIRECT_OBJC_ISA_USAGE = YES_ERROR;
				CLANG_WARN_DOCUMENTATION_COMMENTS = YES;
				CLANG_WARN_EMPTY_BODY = YES;
				CLANG_WARN_ENUM_CONVERSION = YES;
				CLANG_WARN_INFINITE_RECURSION = YES;
				CLANG_WARN_INT_CONVERSION = YES;
				CLANG_WARN_NON_LITERAL_NULL_CONVERSION = YES;
				CLANG_WARN_OBJC_IMPLICIT_RETAIN_SELF = YES;
				CLANG_WARN_OBJC_LITERAL_CONVERSION = YES;
				CLANG_WARN_OBJC_ROOT_CLASS = YES_ERROR;
				CLANG_WARN_RANGE_LOOP_ANALYSIS = YES;
				CLANG_WARN_STRICT_PROTOTYPES = YES;
				CLANG_WARN_SUSPICIOUS_MOVE = YES;
				CLANG_WARN_UNGUARDED_AVAILABILITY = YES_AGGRESSIVE;
				CLANG_WARN_UNREACHABLE_CODE = YES;
				CLANG_WARN__DUPLICATE_METHOD_MATCH = YES;
				COPY_PHASE_STRIP = NO;
				DEBUG_INFORMATION_FORMAT = "dwarf-with-dsym";
				ENABLE_NS_ASSERTIONS = NO;
				ENABLE_STRICT_OBJC_MSGSEND = YES;
				GCC_C_LANGUAGE_STANDARD = gnu11;
				GCC_NO_COMMON_BLOCKS = YES;
				GCC_WARN_64_TO_32_BIT_CONVERSION = YES;
				GCC_WARN_ABOUT_RETURN_TYPE = YES_ERROR;
				GCC_WARN_UNDECLARED_SELECTOR = YES;
				GCC_WARN_UNINITIALIZED_AUTOS = YES_AGGRESSIVE;
				GCC_WARN_UNUSED_FUNCTION = YES;
				GCC_WARN_UNUSED_VARIABLE = YES;
				MTL_ENABLE_DEBUG_INFO = NO;
				MTL_FAST_MATH = YES;
				SDKROOT = appletvos;
				SWIFT_COMPILATION_MODE = wholemodule;
				SWIFT_OPTIMIZATION_LEVEL = "-O";
				TVOS_DEPLOYMENT_TARGET = 13.4;
				VALIDATE_PRODUCT = YES;
			};
			name = Release;
		};
		65ABAEA02443F97600AE42BE /* Debug */ = {
			isa = XCBuildConfiguration;
			buildSettings = {
				ASSETCATALOG_COMPILER_APPICON_NAME = "App Icon & Top Shelf Image";
				CODE_SIGN_STYLE = Automatic;
				DEVELOPMENT_ASSET_PATHS = "\"tvOS.1/Preview Content\"";
				DEVELOPMENT_TEAM = 6739UL4YRU;
				ENABLE_PREVIEWS = YES;
				INFOPLIST_FILE = tvOS.1/Info.plist;
				LD_RUNPATH_SEARCH_PATHS = (
					"$(inherited)",
					"@executable_path/Frameworks",
				);
				PRODUCT_BUNDLE_IDENTIFIER = "kukibuki.tvOS-1";
				PRODUCT_NAME = "$(TARGET_NAME)";
				SWIFT_VERSION = 5.0;
				TARGETED_DEVICE_FAMILY = 3;
			};
			name = Debug;
		};
		65ABAEA12443F97600AE42BE /* Release */ = {
			isa = XCBuildConfiguration;
			buildSettings = {
				ASSETCATALOG_COMPILER_APPICON_NAME = "App Icon & Top Shelf Image";
				CODE_SIGN_STYLE = Automatic;
				DEVELOPMENT_ASSET_PATHS = "\"tvOS.1/Preview Content\"";
				DEVELOPMENT_TEAM = 6739UL4YRU;
				ENABLE_PREVIEWS = YES;
				INFOPLIST_FILE = tvOS.1/Info.plist;
				LD_RUNPATH_SEARCH_PATHS = (
					"$(inherited)",
					"@executable_path/Frameworks",
				);
				PRODUCT_BUNDLE_IDENTIFIER = "kukibuki.tvOS-1";
				PRODUCT_NAME = "$(TARGET_NAME)";
				SWIFT_VERSION = 5.0;
				TARGETED_DEVICE_FAMILY = 3;
			};
			name = Release;
		};
		65ABAEA32443F97600AE42BE /* Debug */ = {
			isa = XCBuildConfiguration;
			buildSettings = {
				ALWAYS_EMBED_SWIFT_STANDARD_LIBRARIES = YES;
				BUNDLE_LOADER = "$(TEST_HOST)";
				CODE_SIGN_STYLE = Automatic;
				DEVELOPMENT_TEAM = 6739UL4YRU;
				INFOPLIST_FILE = tvOS.1Tests/Info.plist;
				LD_RUNPATH_SEARCH_PATHS = (
					"$(inherited)",
					"@executable_path/Frameworks",
					"@loader_path/Frameworks",
				);
				PRODUCT_BUNDLE_IDENTIFIER = "kukibuki.tvOS-1Tests";
				PRODUCT_NAME = "$(TARGET_NAME)";
				SWIFT_VERSION = 5.0;
				TARGETED_DEVICE_FAMILY = 3;
				TEST_HOST = "$(BUILT_PRODUCTS_DIR)/tvOS.1.app/tvOS.1";
				TVOS_DEPLOYMENT_TARGET = 13.4;
			};
			name = Debug;
		};
		65ABAEA42443F97600AE42BE /* Release */ = {
			isa = XCBuildConfiguration;
			buildSettings = {
				ALWAYS_EMBED_SWIFT_STANDARD_LIBRARIES = YES;
				BUNDLE_LOADER = "$(TEST_HOST)";
				CODE_SIGN_STYLE = Automatic;
				DEVELOPMENT_TEAM = 6739UL4YRU;
				INFOPLIST_FILE = tvOS.1Tests/Info.plist;
				LD_RUNPATH_SEARCH_PATHS = (
					"$(inherited)",
					"@executable_path/Frameworks",
					"@loader_path/Frameworks",
				);
				PRODUCT_BUNDLE_IDENTIFIER = "kukibuki.tvOS-1Tests";
				PRODUCT_NAME = "$(TARGET_NAME)";
				SWIFT_VERSION = 5.0;
				TARGETED_DEVICE_FAMILY = 3;
				TEST_HOST = "$(BUILT_PRODUCTS_DIR)/tvOS.1.app/tvOS.1";
				TVOS_DEPLOYMENT_TARGET = 13.4;
			};
			name = Release;
		};
		65ABAEA62443F97600AE42BE /* Debug */ = {
			isa = XCBuildConfiguration;
			buildSettings = {
				ALWAYS_EMBED_SWIFT_STANDARD_LIBRARIES = YES;
				CODE_SIGN_STYLE = Automatic;
				DEVELOPMENT_TEAM = 6739UL4YRU;
				INFOPLIST_FILE = tvOS.1UITests/Info.plist;
				LD_RUNPATH_SEARCH_PATHS = (
					"$(inherited)",
					"@executable_path/Frameworks",
					"@loader_path/Frameworks",
				);
				PRODUCT_BUNDLE_IDENTIFIER = "kukibuki.tvOS-1UITests";
				PRODUCT_NAME = "$(TARGET_NAME)";
				SWIFT_VERSION = 5.0;
				TARGETED_DEVICE_FAMILY = 3;
				TEST_TARGET_NAME = tvOS.1;
			};
			name = Debug;
		};
		65ABAEA72443F97600AE42BE /* Release */ = {
			isa = XCBuildConfiguration;
			buildSettings = {
				ALWAYS_EMBED_SWIFT_STANDARD_LIBRARIES = YES;
				CODE_SIGN_STYLE = Automatic;
				DEVELOPMENT_TEAM = 6739UL4YRU;
				INFOPLIST_FILE = tvOS.1UITests/Info.plist;
				LD_RUNPATH_SEARCH_PATHS = (
					"$(inherited)",
					"@executable_path/Frameworks",
					"@loader_path/Frameworks",
				);
				PRODUCT_BUNDLE_IDENTIFIER = "kukibuki.tvOS-1UITests";
				PRODUCT_NAME = "$(TARGET_NAME)";
				SWIFT_VERSION = 5.0;
				TARGETED_DEVICE_FAMILY = 3;
				TEST_TARGET_NAME = tvOS.1;
			};
			name = Release;
		};
/* End XCBuildConfiguration section */

/* Begin XCConfigurationList section */
		65ABAE722443F97400AE42BE /* Build configuration list for PBXProject "tvOS.1" */ = {
			isa = XCConfigurationList;
			buildConfigurations = (
				65ABAE9D2443F97600AE42BE /* Debug */,
				65ABAE9E2443F97600AE42BE /* Release */,
			);
			defaultConfigurationIsVisible = 0;
			defaultConfigurationName = Release;
		};
		65ABAE9F2443F97600AE42BE /* Build configuration list for PBXNativeTarget "tvOS.1" */ = {
			isa = XCConfigurationList;
			buildConfigurations = (
				65ABAEA02443F97600AE42BE /* Debug */,
				65ABAEA12443F97600AE42BE /* Release */,
			);
			defaultConfigurationIsVisible = 0;
			defaultConfigurationName = Release;
		};
		65ABAEA22443F97600AE42BE /* Build configuration list for PBXNativeTarget "tvOS.1Tests" */ = {
			isa = XCConfigurationList;
			buildConfigurations = (
				65ABAEA32443F97600AE42BE /* Debug */,
				65ABAEA42443F97600AE42BE /* Release */,
			);
			defaultConfigurationIsVisible = 0;
			defaultConfigurationName = Release;
		};
		65ABAEA52443F97600AE42BE /* Build configuration list for PBXNativeTarget "tvOS.1UITests" */ = {
			isa = XCConfigurationList;
			buildConfigurations = (
				65ABAEA62443F97600AE42BE /* Debug */,
				65ABAEA72443F97600AE42BE /* Release */,
			);
			defaultConfigurationIsVisible = 0;
			defaultConfigurationName = Release;
		};
/* End XCConfigurationList section */
	};
	rootObject = 65ABAE6F2443F97400AE42BE /* Project object */;
}
